
Microsoft Visual Studio Solution File, Format Version 12.00
# Visual Studio Version 16
VisualStudioVersion = 16.0.29613.14
MinimumVisualStudioVersion = 10.0.40219.1
Project("{FAE04EC0-301F-11D3-BF4B-00C04F79EFBC}") = "LoginMVC", "LoginMVC\LoginMVC.csproj", "{F468EBDC-AF65-4BE7-9B2C-C62902A7DAEC}"
EndProject
Global
	GlobalSection(SolutionConfigurationPlatforms) = preSolution
		Debug|Any CPU = Debug|Any CPU
		Release|Any CPU = Release|Any CPU
	EndGlobalSection
	GlobalSection(ProjectConfigurationPlatforms) = postSolution
		{F468EBDC-AF65-4BE7-9B2C-C62902A7DAEC}.Debug|Any CPU.ActiveCfg = Debug|Any CPU
		{F468EBDC-AF65-4BE7-9B2C-C62902A7DAEC}.Debug|Any CPU.Build.0 = Debug|Any CPU
		{F468EBDC-AF65-4BE7-9B2C-C62902A7DAEC}.Release|Any CPU.ActiveCfg = Release|Any CPU
		{F468EBDC-AF65-4BE7-9B2C-C62902A7DAEC}.Release|Any CPU.Build.0 = Release|Any CPU
	EndGlobalSection
	GlobalSection(SolutionProperties) = preSolution
		HideSolutionNode = FALSE
	EndGlobalSection
	GlobalSection(ExtensibilityGlobals) = postSolution
		SolutionGuid = {A47721B2-5CB6-4486-BA3A-1F7526A1E393}
	EndGlobalSection
EndGlobal
